
Microsoft Visual Studio Solution File, Format Version 12.00
# Visual Studio Version 17
VisualStudioVersion = 17.10.35004.147
MinimumVisualStudioVersion = 10.0.40219.1
Project("{8BC9CEB8-8B4A-11D0-8D11-00A0C91BC942}") = "TCPServer", "TCPServer\TCPServer.vcxproj", "{B452F53B-9857-4354-B185-234F0F146E73}"
EndProject
Project("{8BC9CEB8-8B4A-11D0-8D11-00A0C91BC942}") = "TCPClient", "TCPClient\TCPClient.vcxproj", "{F835716C-CA87-4827-BC70-4E09D11A63D0}"
EndProject
Global
	GlobalSection(SolutionConfigurationPlatforms) = preSolution
		Debug|x64 = Debug|x64
		Debug|x86 = Debug|x86
		Release|x64 = Release|x64
		Release|x86 = Release|x86
	EndGlobalSection
	GlobalSection(ProjectConfigurationPlatforms) = postSolution
		{B452F53B-9857-4354-B185-234F0F146E73}.Debug|x64.ActiveCfg = Debug|x64
		{B452F53B-9857-4354-B185-234F0F146E73}.Debug|x64.Build.0 = Debug|x64
		{B452F53B-9857-4354-B185-234F0F146E73}.Debug|x86.ActiveCfg = Debug|Win32
		{B452F53B-9857-4354-B185-234F0F146E73}.Debug|x86.Build.0 = Debug|Win32
		{B452F53B-9857-4354-B185-234F0F146E73}.Release|x64.ActiveCfg = Release|x64
		{B452F53B-9857-4354-B185-234F0F146E73}.Release|x64.Build.0 = Release|x64
		{B452F53B-9857-4354-B185-234F0F146E73}.Release|x86.ActiveCfg = Release|Win32
		{B452F53B-9857-4354-B185-234F0F146E73}.Release|x86.Build.0 = Release|Win32
		{F835716C-CA87-4827-BC70-4E09D11A63D0}.Debug|x64.ActiveCfg = Debug|x64
		{F835716C-CA87-4827-BC70-4E09D11A63D0}.Debug|x64.Build.0 = Debug|x64
		{F835716C-CA87-4827-BC70-4E09D11A63D0}.Debug|x86.ActiveCfg = Debug|Win32
		{F835716C-CA87-4827-BC70-4E09D11A63D0}.Debug|x86.Build.0 = Debug|Win32
		{F835716C-CA87-4827-BC70-4E09D11A63D0}.Release|x64.ActiveCfg = Release|x64
		{F835716C-CA87-4827-BC70-4E09D11A63D0}.Release|x64.Build.0 = Release|x64
		{F835716C-CA87-4827-BC70-4E09D11A63D0}.Release|x86.ActiveCfg = Release|Win32
		{F835716C-CA87-4827-BC70-4E09D11A63D0}.Release|x86.Build.0 = Release|Win32
	EndGlobalSection
	GlobalSection(SolutionProperties) = preSolution
		HideSolutionNode = FALSE
	EndGlobalSection
	GlobalSection(ExtensibilityGlobals) = postSolution
		SolutionGuid = {1995BF58-01C3-4C3B-9A24-05C9AC621F4D}
	EndGlobalSection
EndGlobal
